
Microsoft Visual Studio Solution File, Format Version 12.00
# Visual Studio Version 16
VisualStudioVersion = 16.0.31112.23
MinimumVisualStudioVersion = 10.0.40219.1
Project("{8BC9CEB8-8B4A-11D0-8D11-00A0C91BC942}") = "Test", "Test.vcxproj", "{0E287240-89E5-414A-BE14-2B02DB5FF9CC}"
EndProject
Project("{8BC9CEB8-8B4A-11D0-8D11-00A0C91BC942}") = "Chart2", "..\Chart2\Chart2.vcxproj", "{B9C2DB58-986D-4AB3-BDD7-632C7CCB3696}"
EndProject
Project("{8BC9CEB8-8B4A-11D0-8D11-00A0C91BC942}") = "Chart3", "..\Chart3\Chart3.vcxproj", "{CEC4B7B7-E6CB-422F-AD42-2851AD76117D}"
EndProject
Project("{8BC9CEB8-8B4A-11D0-8D11-00A0C91BC942}") = "SevenHighLow", "..\SevenHighLow\SevenHighLow.vcxproj", "{85AAC6D2-9CFE-4751-B100-0D6C28A6A943}"
EndProject
Project("{8BC9CEB8-8B4A-11D0-8D11-00A0C91BC942}") = "Chart4", "..\Chart4\Chart4.vcxproj", "{C340DE91-0E92-4769-A800-F122D17BD416}"
EndProject
Project("{8BC9CEB8-8B4A-11D0-8D11-00A0C91BC942}") = "Chart5", "..\Chart5\Chart5.vcxproj", "{98031E4A-7903-4722-B0B1-437682E007C6}"
EndProject
Project("{8BC9CEB8-8B4A-11D0-8D11-00A0C91BC942}") = "Chart6", "..\Chart6\Chart6.vcxproj", "{B9E6C98C-F324-4926-A3F3-ADF30AE42C3B}"
EndProject
Project("{8BC9CEB8-8B4A-11D0-8D11-00A0C91BC942}") = "Chart7", "..\Chart7\Chart7.vcxproj", "{7D2AC9AC-45F9-4492-A0A3-1C7FA556BE65}"
EndProject
Project("{8BC9CEB8-8B4A-11D0-8D11-00A0C91BC942}") = "Chart8", "..\Chart8\Chart8.vcxproj", "{55B685AB-A3F2-4C3C-95FF-328CA9F067A7}"
EndProject
Project("{8BC9CEB8-8B4A-11D0-8D11-00A0C91BC942}") = "Chart9", "..\Chart9\Chart9.vcxproj", "{5221D36B-115E-4850-B794-653EA3E15764}"
EndProject
Project("{8BC9CEB8-8B4A-11D0-8D11-00A0C91BC942}") = "Chart10", "..\Chart10\Chart10.vcxproj", "{AE0AD4C5-8232-436C-A24B-1B60BAC0EB09}"
EndProject
Project("{8BC9CEB8-8B4A-11D0-8D11-00A0C91BC942}") = "Chart11", "..\Chart11\Chart11.vcxproj", "{ACB453BB-D798-4DD0-89DA-AB3FBE2D0D24}"
EndProject
Project("{8BC9CEB8-8B4A-11D0-8D11-00A0C91BC942}") = "Chart12", "..\Chart12\Chart12.vcxproj", "{592B9250-834F-421B-99DA-76BF30456B49}"
EndProject
Project("{8BC9CEB8-8B4A-11D0-8D11-00A0C91BC942}") = "Chart13", "..\Chart13\Chart13.vcxproj", "{0A35153C-2C69-4C99-B6E9-BECE3476D9D1}"
EndProject
Project("{8BC9CEB8-8B4A-11D0-8D11-00A0C91BC942}") = "Chart14", "..\Chart14\Chart14.vcxproj", "{282AF0EA-5833-422E-A4DE-E2B1940CE938}"
EndProject
Project("{8BC9CEB8-8B4A-11D0-8D11-00A0C91BC942}") = "Chart15", "..\Chart15\Chart15.vcxproj", "{B4225C94-DC40-45A2-861C-347346A9DB73}"
EndProject
Project("{8BC9CEB8-8B4A-11D0-8D11-00A0C91BC942}") = "Chart16", "..\Chart16\Chart16.vcxproj", "{19CA7C7D-AFBA-4E7D-B8E4-54C09B3008EF}"
EndProject
Project("{8BC9CEB8-8B4A-11D0-8D11-00A0C91BC942}") = "Chart17", "..\Chart17\Chart17.vcxproj", "{8F644474-EAFE-41B9-9441-4615F9478A28}"
EndProject
Project("{8BC9CEB8-8B4A-11D0-8D11-00A0C91BC942}") = "Chart18", "..\Chart18\Chart18.vcxproj", "{230C3F25-F667-4726-BC8B-489989BF8538}"
EndProject
Global
	GlobalSection(SolutionConfigurationPlatforms) = preSolution
		Debug|x64 = Debug|x64
		Debug|x86 = Debug|x86
		Release|x64 = Release|x64
		Release|x86 = Release|x86
	EndGlobalSection
	GlobalSection(ProjectConfigurationPlatforms) = postSolution
		{0E287240-89E5-414A-BE14-2B02DB5FF9CC}.Debug|x64.ActiveCfg = Debug|x64
		{0E287240-89E5-414A-BE14-2B02DB5FF9CC}.Debug|x64.Build.0 = Debug|x64
		{0E287240-89E5-414A-BE14-2B02DB5FF9CC}.Debug|x86.ActiveCfg = Debug|Win32
		{0E287240-89E5-414A-BE14-2B02DB5FF9CC}.Debug|x86.Build.0 = Debug|Win32
		{0E287240-89E5-414A-BE14-2B02DB5FF9CC}.Release|x64.ActiveCfg = Release|x64
		{0E287240-89E5-414A-BE14-2B02DB5FF9CC}.Release|x64.Build.0 = Release|x64
		{0E287240-89E5-414A-BE14-2B02DB5FF9CC}.Release|x86.ActiveCfg = Release|Win32
		{0E287240-89E5-414A-BE14-2B02DB5FF9CC}.Release|x86.Build.0 = Release|Win32
		{B9C2DB58-986D-4AB3-BDD7-632C7CCB3696}.Debug|x64.ActiveCfg = Debug|x64
		{B9C2DB58-986D-4AB3-BDD7-632C7CCB3696}.Debug|x64.Build.0 = Debug|x64
		{B9C2DB58-986D-4AB3-BDD7-632C7CCB3696}.Debug|x86.ActiveCfg = Debug|Win32
		{B9C2DB58-986D-4AB3-BDD7-632C7CCB3696}.Debug|x86.Build.0 = Debug|Win32
		{B9C2DB58-986D-4AB3-BDD7-632C7CCB3696}.Release|x64.ActiveCfg = Release|x64
		{B9C2DB58-986D-4AB3-BDD7-632C7CCB3696}.Release|x64.Build.0 = Release|x64
		{B9C2DB58-986D-4AB3-BDD7-632C7CCB3696}.Release|x86.ActiveCfg = Release|Win32
		{B9C2DB58-986D-4AB3-BDD7-632C7CCB3696}.Release|x86.Build.0 = Release|Win32
		{CEC4B7B7-E6CB-422F-AD42-2851AD76117D}.Debug|x64.ActiveCfg = Debug|x64
		{CEC4B7B7-E6CB-422F-AD42-2851AD76117D}.Debug|x64.Build.0 = Debug|x64
		{CEC4B7B7-E6CB-422F-AD42-2851AD76117D}.Debug|x86.ActiveCfg = Debug|Win32
		{CEC4B7B7-E6CB-422F-AD42-2851AD76117D}.Debug|x86.Build.0 = Debug|Win32
		{CEC4B7B7-E6CB-422F-AD42-2851AD76117D}.Release|x64.ActiveCfg = Release|x64
		{CEC4B7B7-E6CB-422F-AD42-2851AD76117D}.Release|x64.Build.0 = Release|x64
		{CEC4B7B7-E6CB-422F-AD42-2851AD76117D}.Release|x86.ActiveCfg = Release|Win32
		{CEC4B7B7-E6CB-422F-AD42-2851AD76117D}.Release|x86.Build.0 = Release|Win32
		{85AAC6D2-9CFE-4751-B100-0D6C28A6A943}.Debug|x64.ActiveCfg = Debug|x64
		{85AAC6D2-9CFE-4751-B100-0D6C28A6A943}.Debug|x64.Build.0 = Debug|x64
		{85AAC6D2-9CFE-4751-B100-0D6C28A6A943}.Debug|x86.ActiveCfg = Debug|Win32
		{85AAC6D2-9CFE-4751-B100-0D6C28A6A943}.Debug|x86.Build.0 = Debug|Win32
		{85AAC6D2-9CFE-4751-B100-0D6C28A6A943}.Release|x64.ActiveCfg = Release|x64
		{85AAC6D2-9CFE-4751-B100-0D6C28A6A943}.Release|x64.Build.0 = Release|x64
		{85AAC6D2-9CFE-4751-B100-0D6C28A6A943}.Release|x86.ActiveCfg = Release|Win32
		{85AAC6D2-9CFE-4751-B100-0D6C28A6A943}.Release|x86.Build.0 = Release|Win32
		{C340DE91-0E92-4769-A800-F122D17BD416}.Debug|x64.ActiveCfg = Debug|x64
		{C340DE91-0E92-4769-A800-F122D17BD416}.Debug|x64.Build.0 = Debug|x64
		{C340DE91-0E92-4769-A800-F122D17BD416}.Debug|x86.ActiveCfg = Debug|Win32
		{C340DE91-0E92-4769-A800-F122D17BD416}.Debug|x86.Build.0 = Debug|Win32
		{C340DE91-0E92-4769-A800-F122D17BD416}.Release|x64.ActiveCfg = Release|x64
		{C340DE91-0E92-4769-A800-F122D17BD416}.Release|x64.Build.0 = Release|x64
		{C340DE91-0E92-4769-A800-F122D17BD416}.Release|x86.ActiveCfg = Release|Win32
		{C340DE91-0E92-4769-A800-F122D17BD416}.Release|x86.Build.0 = Release|Win32
		{98031E4A-7903-4722-B0B1-437682E007C6}.Debug|x64.ActiveCfg = Debug|x64
		{98031E4A-7903-4722-B0B1-437682E007C6}.Debug|x64.Build.0 = Debug|x64
		{98031E4A-7903-4722-B0B1-437682E007C6}.Debug|x86.ActiveCfg = Debug|Win32
		{98031E4A-7903-4722-B0B1-437682E007C6}.Debug|x86.Build.0 = Debug|Win32
		{98031E4A-7903-4722-B0B1-437682E007C6}.Release|x64.ActiveCfg = Release|x64
		{98031E4A-7903-4722-B0B1-437682E007C6}.Release|x64.Build.0 = Release|x64
		{98031E4A-7903-4722-B0B1-437682E007C6}.Release|x86.ActiveCfg = Release|Win32
		{98031E4A-7903-4722-B0B1-437682E007C6}.Release|x86.Build.0 = Release|Win32
		{B9E6C98C-F324-4926-A3F3-ADF30AE42C3B}.Debug|x64.ActiveCfg = Debug|x64
		{B9E6C98C-F324-4926-A3F3-ADF30AE42C3B}.Debug|x64.Build.0 = Debug|x64
		{B9E6C98C-F324-4926-A3F3-ADF30AE42C3B}.Debug|x86.ActiveCfg = Debug|Win32
		{B9E6C98C-F324-4926-A3F3-ADF30AE42C3B}.Debug|x86.Build.0 = Debug|Win32
		{B9E6C98C-F324-4926-A3F3-ADF30AE42C3B}.Release|x64.ActiveCfg = Release|x64
		{B9E6C98C-F324-4926-A3F3-ADF30AE42C3B}.Release|x64.Build.0 = Release|x64
		{B9E6C98C-F324-4926-A3F3-ADF30AE42C3B}.Release|x86.ActiveCfg = Release|Win32
		{B9E6C98C-F324-4926-A3F3-ADF30AE42C3B}.Release|x86.Build.0 = Release|Win32
		{7D2AC9AC-45F9-4492-A0A3-1C7FA556BE65}.Debug|x64.ActiveCfg = Debug|x64
		{7D2AC9AC-45F9-4492-A0A3-1C7FA556BE65}.Debug|x64.Build.0 = Debug|x64
		{7D2AC9AC-45F9-4492-A0A3-1C7FA556BE65}.Debug|x86.ActiveCfg = Debug|Win32
		{7D2AC9AC-45F9-4492-A0A3-1C7FA556BE65}.Debug|x86.Build.0 = Debug|Win32
		{7D2AC9AC-45F9-4492-A0A3-1C7FA556BE65}.Release|x64.ActiveCfg = Release|x64
		{7D2AC9AC-45F9-4492-A0A3-1C7FA556BE65}.Release|x64.Build.0 = Release|x64
		{7D2AC9AC-45F9-4492-A0A3-1C7FA556BE65}.Release|x86.ActiveCfg = Release|Win32
		{7D2AC9AC-45F9-4492-A0A3-1C7FA556BE65}.Release|x86.Build.0 = Release|Win32
		{55B685AB-A3F2-4C3C-95FF-328CA9F067A7}.Debug|x64.ActiveCfg = Debug|x64
		{55B685AB-A3F2-4C3C-95FF-328CA9F067A7}.Debug|x64.Build.0 = Debug|x64
		{55B685AB-A3F2-4C3C-95FF-328CA9F067A7}.Debug|x86.ActiveCfg = Debug|Win32
		{55B685AB-A3F2-4C3C-95FF-328CA9F067A7}.Debug|x86.Build.0 = Debug|Win32
		{55B685AB-A3F2-4C3C-95FF-328CA9F067A7}.Release|x64.ActiveCfg = Release|x64
		{55B685AB-A3F2-4C3C-95FF-328CA9F067A7}.Release|x64.Build.0 = Release|x64
		{55B685AB-A3F2-4C3C-95FF-328CA9F067A7}.Release|x86.ActiveCfg = Release|Win32
		{55B685AB-A3F2-4C3C-95FF-328CA9F067A7}.Release|x86.Build.0 = Release|Win32
		{5221D36B-115E-4850-B794-653EA3E15764}.Debug|x64.ActiveCfg = Debug|x64
		{5221D36B-115E-4850-B794-653EA3E15764}.Debug|x64.Build.0 = Debug|x64
		{5221D36B-115E-4850-B794-653EA3E15764}.Debug|x86.ActiveCfg = Debug|Win32
		{5221D36B-115E-4850-B794-653EA3E15764}.Debug|x86.Build.0 = Debug|Win32
		{5221D36B-115E-4850-B794-653EA3E15764}.Release|x64.ActiveCfg = Release|x64
		{5221D36B-115E-4850-B794-653EA3E15764}.Release|x64.Build.0 = Release|x64
		{5221D36B-115E-4850-B794-653EA3E15764}.Release|x86.ActiveCfg = Release|Win32
		{5221D36B-115E-4850-B794-653EA3E15764}.Release|x86.Build.0 = Release|Win32
		{AE0AD4C5-8232-436C-A24B-1B60BAC0EB09}.Debug|x64.ActiveCfg = Debug|x64
		{AE0AD4C5-8232-436C-A24B-1B60BAC0EB09}.Debug|x64.Build.0 = Debug|x64
		{AE0AD4C5-8232-436C-A24B-1B60BAC0EB09}.Debug|x86.ActiveCfg = Debug|Win32
		{AE0AD4C5-8232-436C-A24B-1B60BAC0EB09}.Debug|x86.Build.0 = Debug|Win32
		{AE0AD4C5-8232-436C-A24B-1B60BAC0EB09}.Release|x64.ActiveCfg = Release|x64
		{AE0AD4C5-8232-436C-A24B-1B60BAC0EB09}.Release|x64.Build.0 = Release|x64
		{AE0AD4C5-8232-436C-A24B-1B60BAC0EB09}.Release|x86.ActiveCfg = Release|Win32
		{AE0AD4C5-8232-436C-A24B-1B60BAC0EB09}.Release|x86.Build.0 = Release|Win32
		{ACB453BB-D798-4DD0-89DA-AB3FBE2D0D24}.Debug|x64.ActiveCfg = Debug|x64
		{ACB453BB-D798-4DD0-89DA-AB3FBE2D0D24}.Debug|x64.Build.0 = Debug|x64
		{ACB453BB-D798-4DD0-89DA-AB3FBE2D0D24}.Debug|x86.ActiveCfg = Debug|Win32
		{ACB453BB-D798-4DD0-89DA-AB3FBE2D0D24}.Debug|x86.Build.0 = Debug|Win32
		{ACB453BB-D798-4DD0-89DA-AB3FBE2D0D24}.Release|x64.ActiveCfg = Release|x64
		{ACB453BB-D798-4DD0-89DA-AB3FBE2D0D24}.Release|x64.Build.0 = Release|x64
		{ACB453BB-D798-4DD0-89DA-AB3FBE2D0D24}.Release|x86.ActiveCfg = Release|Win32
		{ACB453BB-D798-4DD0-89DA-AB3FBE2D0D24}.Release|x86.Build.0 = Release|Win32
		{592B9250-834F-421B-99DA-76BF30456B49}.Debug|x64.ActiveCfg = Debug|x64
		{592B9250-834F-421B-99DA-76BF30456B49}.Debug|x64.Build.0 = Debug|x64
		{592B9250-834F-421B-99DA-76BF30456B49}.Debug|x86.ActiveCfg = Debug|Win32
		{592B9250-834F-421B-99DA-76BF30456B49}.Debug|x86.Build.0 = Debug|Win32
		{592B9250-834F-421B-99DA-76BF30456B49}.Release|x64.ActiveCfg = Release|x64
		{592B9250-834F-421B-99DA-76BF30456B49}.Release|x64.Build.0 = Release|x64
		{592B9250-834F-421B-99DA-76BF30456B49}.Release|x86.ActiveCfg = Release|Win32
		{592B9250-834F-421B-99DA-76BF30456B49}.Release|x86.Build.0 = Release|Win32
		{0A35153C-2C69-4C99-B6E9-BECE3476D9D1}.Debug|x64.ActiveCfg = Debug|x64
		{0A35153C-2C69-4C99-B6E9-BECE3476D9D1}.Debug|x64.Build.0 = Debug|x64
		{0A35153C-2C69-4C99-B6E9-BECE3476D9D1}.Debug|x86.ActiveCfg = Debug|Win32
		{0A35153C-2C69-4C99-B6E9-BECE3476D9D1}.Debug|x86.Build.0 = Debug|Win32
		{0A35153C-2C69-4C99-B6E9-BECE3476D9D1}.Release|x64.ActiveCfg = Release|x64
		{0A35153C-2C69-4C99-B6E9-BECE3476D9D1}.Release|x64.Build.0 = Release|x64
		{0A35153C-2C69-4C99-B6E9-BECE3476D9D1}.Release|x86.ActiveCfg = Release|Win32
		{0A35153C-2C69-4C99-B6E9-BECE3476D9D1}.Release|x86.Build.0 = Release|Win32
		{282AF0EA-5833-422E-A4DE-E2B1940CE938}.Debug|x64.ActiveCfg = Debug|x64
		{282AF0EA-5833-422E-A4DE-E2B1940CE938}.Debug|x64.Build.0 = Debug|x64
		{282AF0EA-5833-422E-A4DE-E2B1940CE938}.Debug|x86.ActiveCfg = Debug|Win32
		{282AF0EA-5833-422E-A4DE-E2B1940CE938}.Debug|x86.Build.0 = Debug|Win32
		{282AF0EA-5833-422E-A4DE-E2B1940CE938}.Release|x64.ActiveCfg = Release|x64
		{282AF0EA-5833-422E-A4DE-E2B1940CE938}.Release|x64.Build.0 = Release|x64
		{282AF0EA-5833-422E-A4DE-E2B1940CE938}.Release|x86.ActiveCfg = Release|Win32
		{282AF0EA-5833-422E-A4DE-E2B1940CE938}.Release|x86.Build.0 = Release|Win32
		{B4225C94-DC40-45A2-861C-347346A9DB73}.Debug|x64.ActiveCfg = Debug|x64
		{B4225C94-DC40-45A2-861C-347346A9DB73}.Debug|x64.Build.0 = Debug|x64
		{B4225C94-DC40-45A2-861C-347346A9DB73}.Debug|x86.ActiveCfg = Debug|Win32
		{B4225C94-DC40-45A2-861C-347346A9DB73}.Debug|x86.Build.0 = Debug|Win32
		{B4225C94-DC40-45A2-861C-347346A9DB73}.Release|x64.ActiveCfg = Release|x64
		{B4225C94-DC40-45A2-861C-347346A9DB73}.Release|x64.Build.0 = Release|x64
		{B4225C94-DC40-45A2-861C-347346A9DB73}.Release|x86.ActiveCfg = Release|Win32
		{B4225C94-DC40-45A2-861C-347346A9DB73}.Release|x86.Build.0 = Release|Win32
		{19CA7C7D-AFBA-4E7D-B8E4-54C09B3008EF}.Debug|x64.ActiveCfg = Debug|x64
		{19CA7C7D-AFBA-4E7D-B8E4-54C09B3008EF}.Debug|x64.Build.0 = Debug|x64
		{19CA7C7D-AFBA-4E7D-B8E4-54C09B3008EF}.Debug|x86.ActiveCfg = Debug|Win32
		{19CA7C7D-AFBA-4E7D-B8E4-54C09B3008EF}.Debug|x86.Build.0 = Debug|Win32
		{19CA7C7D-AFBA-4E7D-B8E4-54C09B3008EF}.Release|x64.ActiveCfg = Release|x64
		{19CA7C7D-AFBA-4E7D-B8E4-54C09B3008EF}.Release|x64.Build.0 = Release|x64
		{19CA7C7D-AFBA-4E7D-B8E4-54C09B3008EF}.Release|x86.ActiveCfg = Release|Win32
		{19CA7C7D-AFBA-4E7D-B8E4-54C09B3008EF}.Release|x86.Build.0 = Release|Win32
		{8F644474-EAFE-41B9-9441-4615F9478A28}.Debug|x64.ActiveCfg = Debug|x64
		{8F644474-EAFE-41B9-9441-4615F9478A28}.Debug|x64.Build.0 = Debug|x64
		{8F644474-EAFE-41B9-9441-4615F9478A28}.Debug|x86.ActiveCfg = Debug|Win32
		{8F644474-EAFE-41B9-9441-4615F9478A28}.Debug|x86.Build.0 = Debug|Win32
		{8F644474-EAFE-41B9-9441-4615F9478A28}.Release|x64.ActiveCfg = Release|x64
		{8F644474-EAFE-41B9-9441-4615F9478A28}.Release|x64.Build.0 = Release|x64
		{8F644474-EAFE-41B9-9441-4615F9478A28}.Release|x86.ActiveCfg = Release|Win32
		{8F644474-EAFE-41B9-9441-4615F9478A28}.Release|x86.Build.0 = Release|Win32
		{230C3F25-F667-4726-BC8B-489989BF8538}.Debug|x64.ActiveCfg = Debug|x64
		{230C3F25-F667-4726-BC8B-489989BF8538}.Debug|x64.Build.0 = Debug|x64
		{230C3F25-F667-4726-BC8B-489989BF8538}.Debug|x86.ActiveCfg = Debug|Win32
		{230C3F25-F667-4726-BC8B-489989BF8538}.Debug|x86.Build.0 = Debug|Win32
		{230C3F25-F667-4726-BC8B-489989BF8538}.Release|x64.ActiveCfg = Release|x64
		{230C3F25-F667-4726-BC8B-489989BF8538}.Release|x64.Build.0 = Release|x64
		{230C3F25-F667-4726-BC8B-489989BF8538}.Release|x86.ActiveCfg = Release|Win32
		{230C3F25-F667-4726-BC8B-489989BF8538}.Release|x86.Build.0 = Release|Win32
	EndGlobalSection
	GlobalSection(SolutionProperties) = preSolution
		HideSolutionNode = FALSE
	EndGlobalSection
	GlobalSection(ExtensibilityGlobals) = postSolution
		SolutionGuid = {9F8456F2-BEB8-460A-9EC2-E45C2BBB7234}
	EndGlobalSection
EndGlobal
